// !$*UTF8*$!
{
	archiveVersion = 1;
	classes = {
	};
	objectVersion = 50;
	objects = {

/* Begin PBXBuildFile section */
		184D845A2193675500DC025A /* HomePresenter.swift in Sources */ = {isa = PBXBuildFile; fileRef = 184D84542193675500DC025A /* HomePresenter.swift */; };
		184D845B2193675500DC025A /* HomeRouter.swift in Sources */ = {isa = PBXBuildFile; fileRef = 184D84552193675500DC025A /* HomeRouter.swift */; };
		184D845C2193675500DC025A /* HomeViewController.swift in Sources */ = {isa = PBXBuildFile; fileRef = 184D84562193675500DC025A /* HomeViewController.swift */; };
		184D845D2193675500DC025A /* HomeProtocols.swift in Sources */ = {isa = PBXBuildFile; fileRef = 184D84572193675500DC025A /* HomeProtocols.swift */; };
		184D845E2193675500DC025A /* HomeInteractor.swift in Sources */ = {isa = PBXBuildFile; fileRef = 184D84582193675500DC025A /* HomeInteractor.swift */; };
		184D845F2193675500DC025A /* HomeViewController.xib in Resources */ = {isa = PBXBuildFile; fileRef = 184D84592193675500DC025A /* HomeViewController.xib */; };
		184D846121936A9D00DC025A /* Container.swift in Sources */ = {isa = PBXBuildFile; fileRef = 184D846021936A9D00DC025A /* Container.swift */; };
		184D8464219378C200DC025A /* UIColor+app.swift in Sources */ = {isa = PBXBuildFile; fileRef = 184D8463219378C200DC025A /* UIColor+app.swift */; };
		184D846F219378DC00DC025A /* IBInspectables.swift in Sources */ = {isa = PBXBuildFile; fileRef = 184D8466219378DC00DC025A /* IBInspectables.swift */; };
		184D8470219378DC00DC025A /* UIViewControllerExtensions.swift in Sources */ = {isa = PBXBuildFile; fileRef = 184D8467219378DC00DC025A /* UIViewControllerExtensions.swift */; };
		184D8471219378DC00DC025A /* UIViewExtensions.swift in Sources */ = {isa = PBXBuildFile; fileRef = 184D8468219378DC00DC025A /* UIViewExtensions.swift */; };
		184D8472219378DC00DC025A /* UIImageExtension.swift in Sources */ = {isa = PBXBuildFile; fileRef = 184D8469219378DC00DC025A /* UIImageExtension.swift */; };
		184D8473219378DC00DC025A /* StringExtesnion.swift in Sources */ = {isa = PBXBuildFile; fileRef = 184D846B219378DC00DC025A /* StringExtesnion.swift */; };
		184D8474219378DC00DC025A /* UIApplication.swift in Sources */ = {isa = PBXBuildFile; fileRef = 184D846C219378DC00DC025A /* UIApplication.swift */; };
		184D8475219378DC00DC025A /* FoundationExtension.swift in Sources */ = {isa = PBXBuildFile; fileRef = 184D846D219378DC00DC025A /* FoundationExtension.swift */; };
		184D8476219378DC00DC025A /* DateExtension.swift in Sources */ = {isa = PBXBuildFile; fileRef = 184D846E219378DC00DC025A /* DateExtension.swift */; };
		184D847E2193798700DC025A /* MBProgressHUD.m in Sources */ = {isa = PBXBuildFile; fileRef = 184D847C2193798700DC025A /* MBProgressHUD.m */; };
		184D84A521937AC100DC025A /* DataViewController.swift in Sources */ = {isa = PBXBuildFile; fileRef = 184D84A221937AC100DC025A /* DataViewController.swift */; };
		184D84A621937AC100DC025A /* ModelController.swift in Sources */ = {isa = PBXBuildFile; fileRef = 184D84A321937AC100DC025A /* ModelController.swift */; };
		184D84A721937AC100DC025A /* RootViewController.swift in Sources */ = {isa = PBXBuildFile; fileRef = 184D84A421937AC100DC025A /* RootViewController.swift */; };
		184D84A921937AEA00DC025A /* Pager.storyboard in Resources */ = {isa = PBXBuildFile; fileRef = 184D84A821937AEA00DC025A /* Pager.storyboard */; };
		184D84AE2193887B00DC025A /* Launch Screen.storyboard in Resources */ = {isa = PBXBuildFile; fileRef = 184D84AC2193887B00DC025A /* Launch Screen.storyboard */; };
		18D2BFCA219353B400926AB0 /* AppDelegate.swift in Sources */ = {isa = PBXBuildFile; fileRef = 18D2BFC9219353B400926AB0 /* AppDelegate.swift */; };
		18D2BFCF219353B400926AB0 /* Main.storyboard in Resources */ = {isa = PBXBuildFile; fileRef = 18D2BFCD219353B400926AB0 /* Main.storyboard */; };
		18D2BFD1219353B500926AB0 /* Assets.xcassets in Resources */ = {isa = PBXBuildFile; fileRef = 18D2BFD0219353B500926AB0 /* Assets.xcassets */; };
		18D2BFF42193568A00926AB0 /* ServerError.swift in Sources */ = {isa = PBXBuildFile; fileRef = 18D2BFDE2193568A00926AB0 /* ServerError.swift */; };
		18D2BFF52193568A00926AB0 /* BaseModel.swift in Sources */ = {isa = PBXBuildFile; fileRef = 18D2BFDF2193568A00926AB0 /* BaseModel.swift */; };
		18D2BFF62193568A00926AB0 /* GenaricModel.swift in Sources */ = {isa = PBXBuildFile; fileRef = 18D2BFE02193568A00926AB0 /* GenaricModel.swift */; };
		18D2BFF72193568A00926AB0 /* NSURLErrorDomain.md in Resources */ = {isa = PBXBuildFile; fileRef = 18D2BFE12193568A00926AB0 /* NSURLErrorDomain.md */; };
		18D2BFF82193568A00926AB0 /* NetworkServiec+RouteAuth.swift in Sources */ = {isa = PBXBuildFile; fileRef = 18D2BFE32193568A00926AB0 /* NetworkServiec+RouteAuth.swift */; };
		18D2BFF92193568A00926AB0 /* APIs.swift in Sources */ = {isa = PBXBuildFile; fileRef = 18D2BFE52193568A00926AB0 /* APIs.swift */; };
		18D2BFFA2193568A00926AB0 /* DefaultAlamofireManager.swift in Sources */ = {isa = PBXBuildFile; fileRef = 18D2BFE72193568A00926AB0 /* DefaultAlamofireManager.swift */; };
		18D2BFFB2193568A00926AB0 /* URLErrors.strings in Resources */ = {isa = PBXBuildFile; fileRef = 18D2BFE82193568A00926AB0 /* URLErrors.strings */; };
		18D2BFFC2193568A00926AB0 /* Provider.swift in Sources */ = {isa = PBXBuildFile; fileRef = 18D2BFE92193568A00926AB0 /* Provider.swift */; };
		18D2BFFD2193568A00926AB0 /* NetworkDefault.swift in Sources */ = {isa = PBXBuildFile; fileRef = 18D2BFEA2193568A00926AB0 /* NetworkDefault.swift */; };
		18D2BFFE2193568A00926AB0 /* AnyError.swift in Sources */ = {isa = PBXBuildFile; fileRef = 18D2BFEB2193568A00926AB0 /* AnyError.swift */; };
		18D2BFFF2193568A00926AB0 /* NetworkService.swift in Sources */ = {isa = PBXBuildFile; fileRef = 18D2BFEC2193568A00926AB0 /* NetworkService.swift */; };
		18D2C0002193568A00926AB0 /* NoError.swift in Sources */ = {isa = PBXBuildFile; fileRef = 18D2BFED2193568A00926AB0 /* NoError.swift */; };
		18D2C0012193568A00926AB0 /* NetworkResult.swift in Sources */ = {isa = PBXBuildFile; fileRef = 18D2BFEE2193568A00926AB0 /* NetworkResult.swift */; };
		18D2C0022193568A00926AB0 /* CustomHeaderKey.swift in Sources */ = {isa = PBXBuildFile; fileRef = 18D2BFF02193568A00926AB0 /* CustomHeaderKey.swift */; };
		18D2C0032193568A00926AB0 /* URLRequest.swift in Sources */ = {isa = PBXBuildFile; fileRef = 18D2BFF12193568A00926AB0 /* URLRequest.swift */; };
		18D2C0042193568A00926AB0 /* AppAccessToken.swift in Sources */ = {isa = PBXBuildFile; fileRef = 18D2BFF22193568A00926AB0 /* AppAccessToken.swift */; };
		18D2C0052193568A00926AB0 /* APPNetworkLoggerPlugin.swift in Sources */ = {isa = PBXBuildFile; fileRef = 18D2BFF32193568A00926AB0 /* APPNetworkLoggerPlugin.swift */; };
		18D2C008219356B800926AB0 /* Constant.swift in Sources */ = {isa = PBXBuildFile; fileRef = 18D2C007219356B800926AB0 /* Constant.swift */; };
		18D2C00C219357C500926AB0 /* AppDelegate+Extension.swift in Sources */ = {isa = PBXBuildFile; fileRef = 18D2C00B219357C500926AB0 /* AppDelegate+Extension.swift */; };
		18D2C01721935A2200926AB0 /* Location.swift in Sources */ = {isa = PBXBuildFile; fileRef = 18D2C00F21935A2200926AB0 /* Location.swift */; };
		18D2C01821935A2200926AB0 /* Day.swift in Sources */ = {isa = PBXBuildFile; fileRef = 18D2C01021935A2200926AB0 /* Day.swift */; };
		18D2C01921935A2200926AB0 /* Forecastday.swift in Sources */ = {isa = PBXBuildFile; fileRef = 18D2C01121935A2200926AB0 /* Forecastday.swift */; };
		18D2C01A21935A2200926AB0 /* Astro.swift in Sources */ = {isa = PBXBuildFile; fileRef = 18D2C01221935A2200926AB0 /* Astro.swift */; };
		18D2C01B21935A2200926AB0 /* Forecast.swift in Sources */ = {isa = PBXBuildFile; fileRef = 18D2C01321935A2200926AB0 /* Forecast.swift */; };
		18D2C01C21935A2200926AB0 /* Current.swift in Sources */ = {isa = PBXBuildFile; fileRef = 18D2C01421935A2200926AB0 /* Current.swift */; };
		18D2C01D21935A2200926AB0 /* Condition.swift in Sources */ = {isa = PBXBuildFile; fileRef = 18D2C01521935A2200926AB0 /* Condition.swift */; };
		18D2C01E21935A2200926AB0 /* ApixuBase.swift in Sources */ = {isa = PBXBuildFile; fileRef = 18D2C01621935A2200926AB0 /* ApixuBase.swift */; };
		18D2C02021935F0B00926AB0 /* LocationService.swift in Sources */ = {isa = PBXBuildFile; fileRef = 18D2C01F21935F0B00926AB0 /* LocationService.swift */; };
		96AE57C485AC57A821CBFDA0 /* Pods_Apixu_Sample.framework in Frameworks */ = {isa = PBXBuildFile; fileRef = 64D41C55D54A5741555ADD61 /* Pods_Apixu_Sample.framework */; };
/* End PBXBuildFile section */

/* Begin PBXFileReference section */
		184D84542193675500DC025A /* HomePresenter.swift */ = {isa = PBXFileReference; lastKnownFileType = sourcecode.swift; path = HomePresenter.swift; sourceTree = "<group>"; };
		184D84552193675500DC025A /* HomeRouter.swift */ = {isa = PBXFileReference; lastKnownFileType = sourcecode.swift; path = HomeRouter.swift; sourceTree = "<group>"; };
		184D84562193675500DC025A /* HomeViewController.swift */ = {isa = PBXFileReference; lastKnownFileType = sourcecode.swift; path = HomeViewController.swift; sourceTree = "<group>"; };
		184D84572193675500DC025A /* HomeProtocols.swift */ = {isa = PBXFileReference; lastKnownFileType = sourcecode.swift; path = HomeProtocols.swift; sourceTree = "<group>"; };
		184D84582193675500DC025A /* HomeInteractor.swift */ = {isa = PBXFileReference; lastKnownFileType = sourcecode.swift; path = HomeInteractor.swift; sourceTree = "<group>"; };
		184D84592193675500DC025A /* HomeViewController.xib */ = {isa = PBXFileReference; lastKnownFileType = file.xib; path = HomeViewController.xib; sourceTree = "<group>"; };
		184D846021936A9D00DC025A /* Container.swift */ = {isa = PBXFileReference; lastKnownFileType = sourcecode.swift; path = Container.swift; sourceTree = "<group>"; };
		184D8463219378C200DC025A /* UIColor+app.swift */ = {isa = PBXFileReference; fileEncoding = 4; lastKnownFileType = sourcecode.swift; path = "UIColor+app.swift"; sourceTree = "<group>"; };
		184D8466219378DC00DC025A /* IBInspectables.swift */ = {isa = PBXFileReference; fileEncoding = 4; lastKnownFileType = sourcecode.swift; path = IBInspectables.swift; sourceTree = "<group>"; };
		184D8467219378DC00DC025A /* UIViewControllerExtensions.swift */ = {isa = PBXFileReference; fileEncoding = 4; lastKnownFileType = sourcecode.swift; path = UIViewControllerExtensions.swift; sourceTree = "<group>"; };
		184D8468219378DC00DC025A /* UIViewExtensions.swift */ = {isa = PBXFileReference; fileEncoding = 4; lastKnownFileType = sourcecode.swift; path = UIViewExtensions.swift; sourceTree = "<group>"; };
		184D8469219378DC00DC025A /* UIImageExtension.swift */ = {isa = PBXFileReference; fileEncoding = 4; lastKnownFileType = sourcecode.swift; path = UIImageExtension.swift; sourceTree = "<group>"; };
		184D846B219378DC00DC025A /* StringExtesnion.swift */ = {isa = PBXFileReference; fileEncoding = 4; lastKnownFileType = sourcecode.swift; path = StringExtesnion.swift; sourceTree = "<group>"; };
		184D846C219378DC00DC025A /* UIApplication.swift */ = {isa = PBXFileReference; fileEncoding = 4; lastKnownFileType = sourcecode.swift; path = UIApplication.swift; sourceTree = "<group>"; };
		184D846D219378DC00DC025A /* FoundationExtension.swift */ = {isa = PBXFileReference; fileEncoding = 4; lastKnownFileType = sourcecode.swift; path = FoundationExtension.swift; sourceTree = "<group>"; };
		184D846E219378DC00DC025A /* DateExtension.swift */ = {isa = PBXFileReference; fileEncoding = 4; lastKnownFileType = sourcecode.swift; path = DateExtension.swift; sourceTree = "<group>"; };
		184D84782193797500DC025A /* Apixu-Sample-Bridging-Header.h */ = {isa = PBXFileReference; lastKnownFileType = sourcecode.c.h; path = "Apixu-Sample-Bridging-Header.h"; sourceTree = "<group>"; };
		184D847C2193798700DC025A /* MBProgressHUD.m */ = {isa = PBXFileReference; fileEncoding = 4; lastKnownFileType = sourcecode.c.objc; path = MBProgressHUD.m; sourceTree = "<group>"; };
		184D847D2193798700DC025A /* MBProgressHUD.h */ = {isa = PBXFileReference; fileEncoding = 4; lastKnownFileType = sourcecode.c.h; path = MBProgressHUD.h; sourceTree = "<group>"; };
		184D84A221937AC100DC025A /* DataViewController.swift */ = {isa = PBXFileReference; fileEncoding = 4; lastKnownFileType = sourcecode.swift; path = DataViewController.swift; sourceTree = "<group>"; };
		184D84A321937AC100DC025A /* ModelController.swift */ = {isa = PBXFileReference; fileEncoding = 4; lastKnownFileType = sourcecode.swift; path = ModelController.swift; sourceTree = "<group>"; };
		184D84A421937AC100DC025A /* RootViewController.swift */ = {isa = PBXFileReference; fileEncoding = 4; lastKnownFileType = sourcecode.swift; path = RootViewController.swift; sourceTree = "<group>"; };
		184D84A821937AEA00DC025A /* Pager.storyboard */ = {isa = PBXFileReference; fileEncoding = 4; lastKnownFileType = file.storyboard; path = Pager.storyboard; sourceTree = "<group>"; };
		184D84AD2193887B00DC025A /* Base */ = {isa = PBXFileReference; lastKnownFileType = file.storyboard; name = Base; path = "Base.lproj/Launch Screen.storyboard"; sourceTree = "<group>"; };
		18D2BFC6219353B400926AB0 /* Apixu-Sample.app */ = {isa = PBXFileReference; explicitFileType = wrapper.application; includeInIndex = 0; path = "Apixu-Sample.app"; sourceTree = BUILT_PRODUCTS_DIR; };
		18D2BFC9219353B400926AB0 /* AppDelegate.swift */ = {isa = PBXFileReference; lastKnownFileType = sourcecode.swift; path = AppDelegate.swift; sourceTree = "<group>"; };
		18D2BFCE219353B400926AB0 /* Base */ = {isa = PBXFileReference; lastKnownFileType = file.storyboard; name = Base; path = Base.lproj/Main.storyboard; sourceTree = "<group>"; };
		18D2BFD0219353B500926AB0 /* Assets.xcassets */ = {isa = PBXFileReference; lastKnownFileType = folder.assetcatalog; path = Assets.xcassets; sourceTree = "<group>"; };
		18D2BFD5219353B500926AB0 /* Info.plist */ = {isa = PBXFileReference; lastKnownFileType = text.plist.xml; path = Info.plist; sourceTree = "<group>"; };
		18D2BFDE2193568A00926AB0 /* ServerError.swift */ = {isa = PBXFileReference; fileEncoding = 4; lastKnownFileType = sourcecode.swift; path = ServerError.swift; sourceTree = "<group>"; };
		18D2BFDF2193568A00926AB0 /* BaseModel.swift */ = {isa = PBXFileReference; fileEncoding = 4; lastKnownFileType = sourcecode.swift; path = BaseModel.swift; sourceTree = "<group>"; };
		18D2BFE02193568A00926AB0 /* GenaricModel.swift */ = {isa = PBXFileReference; fileEncoding = 4; lastKnownFileType = sourcecode.swift; path = GenaricModel.swift; sourceTree = "<group>"; };
		18D2BFE12193568A00926AB0 /* NSURLErrorDomain.md */ = {isa = PBXFileReference; fileEncoding = 4; lastKnownFileType = net.daringfireball.markdown; path = NSURLErrorDomain.md; sourceTree = "<group>"; };
		18D2BFE32193568A00926AB0 /* NetworkServiec+RouteAuth.swift */ = {isa = PBXFileReference; fileEncoding = 4; lastKnownFileType = sourcecode.swift; path = "NetworkServiec+RouteAuth.swift"; sourceTree = "<group>"; };
		18D2BFE52193568A00926AB0 /* APIs.swift */ = {isa = PBXFileReference; fileEncoding = 4; lastKnownFileType = sourcecode.swift; path = APIs.swift; sourceTree = "<group>"; };
		18D2BFE72193568A00926AB0 /* DefaultAlamofireManager.swift */ = {isa = PBXFileReference; fileEncoding = 4; lastKnownFileType = sourcecode.swift; path = DefaultAlamofireManager.swift; sourceTree = "<group>"; };
		18D2BFE82193568A00926AB0 /* URLErrors.strings */ = {isa = PBXFileReference; fileEncoding = 4; lastKnownFileType = text.plist.strings; path = URLErrors.strings; sourceTree = "<group>"; };
		18D2BFE92193568A00926AB0 /* Provider.swift */ = {isa = PBXFileReference; fileEncoding = 4; lastKnownFileType = sourcecode.swift; path = Provider.swift; sourceTree = "<group>"; };
		18D2BFEA2193568A00926AB0 /* NetworkDefault.swift */ = {isa = PBXFileReference; fileEncoding = 4; lastKnownFileType = sourcecode.swift; path = NetworkDefault.swift; sourceTree = "<group>"; };
		18D2BFEB2193568A00926AB0 /* AnyError.swift */ = {isa = PBXFileReference; fileEncoding = 4; lastKnownFileType = sourcecode.swift; path = AnyError.swift; sourceTree = "<group>"; };
		18D2BFEC2193568A00926AB0 /* NetworkService.swift */ = {isa = PBXFileReference; fileEncoding = 4; lastKnownFileType = sourcecode.swift; path = NetworkService.swift; sourceTree = "<group>"; };
		18D2BFED2193568A00926AB0 /* NoError.swift */ = {isa = PBXFileReference; fileEncoding = 4; lastKnownFileType = sourcecode.swift; path = NoError.swift; sourceTree = "<group>"; };
		18D2BFEE2193568A00926AB0 /* NetworkResult.swift */ = {isa = PBXFileReference; fileEncoding = 4; lastKnownFileType = sourcecode.swift; path = NetworkResult.swift; sourceTree = "<group>"; };
		18D2BFF02193568A00926AB0 /* CustomHeaderKey.swift */ = {isa = PBXFileReference; fileEncoding = 4; lastKnownFileType = sourcecode.swift; path = CustomHeaderKey.swift; sourceTree = "<group>"; };
		18D2BFF12193568A00926AB0 /* URLRequest.swift */ = {isa = PBXFileReference; fileEncoding = 4; lastKnownFileType = sourcecode.swift; path = URLRequest.swift; sourceTree = "<group>"; };
		18D2BFF22193568A00926AB0 /* AppAccessToken.swift */ = {isa = PBXFileReference; fileEncoding = 4; lastKnownFileType = sourcecode.swift; path = AppAccessToken.swift; sourceTree = "<group>"; };
		18D2BFF32193568A00926AB0 /* APPNetworkLoggerPlugin.swift */ = {isa = PBXFileReference; fileEncoding = 4; lastKnownFileType = sourcecode.swift; path = APPNetworkLoggerPlugin.swift; sourceTree = "<group>"; };
		18D2C007219356B800926AB0 /* Constant.swift */ = {isa = PBXFileReference; lastKnownFileType = sourcecode.swift; path = Constant.swift; sourceTree = "<group>"; };
		18D2C00B219357C500926AB0 /* AppDelegate+Extension.swift */ = {isa = PBXFileReference; lastKnownFileType = sourcecode.swift; path = "AppDelegate+Extension.swift"; sourceTree = "<group>"; };
		18D2C00F21935A2200926AB0 /* Location.swift */ = {isa = PBXFileReference; fileEncoding = 4; lastKnownFileType = sourcecode.swift; path = Location.swift; sourceTree = "<group>"; };
		18D2C01021935A2200926AB0 /* Day.swift */ = {isa = PBXFileReference; fileEncoding = 4; lastKnownFileType = sourcecode.swift; path = Day.swift; sourceTree = "<group>"; };
		18D2C01121935A2200926AB0 /* Forecastday.swift */ = {isa = PBXFileReference; fileEncoding = 4; lastKnownFileType = sourcecode.swift; path = Forecastday.swift; sourceTree = "<group>"; };
		18D2C01221935A2200926AB0 /* Astro.swift */ = {isa = PBXFileReference; fileEncoding = 4; lastKnownFileType = sourcecode.swift; path = Astro.swift; sourceTree = "<group>"; };
		18D2C01321935A2200926AB0 /* Forecast.swift */ = {isa = PBXFileReference; fileEncoding = 4; lastKnownFileType = sourcecode.swift; path = Forecast.swift; sourceTree = "<group>"; };
		18D2C01421935A2200926AB0 /* Current.swift */ = {isa = PBXFileReference; fileEncoding = 4; lastKnownFileType = sourcecode.swift; path = Current.swift; sourceTree = "<group>"; };
		18D2C01521935A2200926AB0 /* Condition.swift */ = {isa = PBXFileReference; fileEncoding = 4; lastKnownFileType = sourcecode.swift; path = Condition.swift; sourceTree = "<group>"; };
		18D2C01621935A2200926AB0 /* ApixuBase.swift */ = {isa = PBXFileReference; fileEncoding = 4; lastKnownFileType = sourcecode.swift; path = ApixuBase.swift; sourceTree = "<group>"; };
		18D2C01F21935F0B00926AB0 /* LocationService.swift */ = {isa = PBXFileReference; lastKnownFileType = sourcecode.swift; path = LocationService.swift; sourceTree = "<group>"; };
		26B7EC2C86739C4F77944F89 /* Pods-Apixu-Sample.debug.xcconfig */ = {isa = PBXFileReference; includeInIndex = 1; lastKnownFileType = text.xcconfig; name = "Pods-Apixu-Sample.debug.xcconfig"; path = "Pods/Target Support Files/Pods-Apixu-Sample/Pods-Apixu-Sample.debug.xcconfig"; sourceTree = "<group>"; };
		64D41C55D54A5741555ADD61 /* Pods_Apixu_Sample.framework */ = {isa = PBXFileReference; explicitFileType = wrapper.framework; includeInIndex = 0; path = Pods_Apixu_Sample.framework; sourceTree = BUILT_PRODUCTS_DIR; };
		A38A5959EB7EE07869134973 /* Pods-Apixu-Sample.release.xcconfig */ = {isa = PBXFileReference; includeInIndex = 1; lastKnownFileType = text.xcconfig; name = "Pods-Apixu-Sample.release.xcconfig"; path = "Pods/Target Support Files/Pods-Apixu-Sample/Pods-Apixu-Sample.release.xcconfig"; sourceTree = "<group>"; };
/* End PBXFileReference section */

/* Begin PBXFrameworksBuildPhase section */
		18D2BFC3219353B400926AB0 /* Frameworks */ = {
			isa = PBXFrameworksBuildPhase;
			buildActionMask = 2147483647;
			files = (
				96AE57C485AC57A821CBFDA0 /* Pods_Apixu_Sample.framework in Frameworks */,
			);
			runOnlyForDeploymentPostprocessing = 0;
		};
/* End PBXFrameworksBuildPhase section */

/* Begin PBXGroup section */
		10F806905832A65D49F6C1D8 /* Frameworks */ = {
			isa = PBXGroup;
			children = (
				64D41C55D54A5741555ADD61 /* Pods_Apixu_Sample.framework */,
			);
			name = Frameworks;
			sourceTree = "<group>";
		};
		184D84532193674600DC025A /* Home */ = {
			isa = PBXGroup;
			children = (
				184D84542193675500DC025A /* HomePresenter.swift */,
				184D84552193675500DC025A /* HomeRouter.swift */,
				184D84562193675500DC025A /* HomeViewController.swift */,
				184D84572193675500DC025A /* HomeProtocols.swift */,
				184D84582193675500DC025A /* HomeInteractor.swift */,
				184D84592193675500DC025A /* HomeViewController.xib */,
			);
			path = Home;
			sourceTree = "<group>";
		};
		184D8462219378C200DC025A /* Extension */ = {
			isa = PBXGroup;
			children = (
				184D846A219378DC00DC025A /* Foundation */,
				184D8465219378DC00DC025A /* UIKit */,
				184D8463219378C200DC025A /* UIColor+app.swift */,
			);
			path = Extension;
			sourceTree = "<group>";
		};
		184D8465219378DC00DC025A /* UIKit */ = {
			isa = PBXGroup;
			children = (
				184D8466219378DC00DC025A /* IBInspectables.swift */,
				184D8467219378DC00DC025A /* UIViewControllerExtensions.swift */,
				184D8468219378DC00DC025A /* UIViewExtensions.swift */,
				184D8469219378DC00DC025A /* UIImageExtension.swift */,
			);
			path = UIKit;
			sourceTree = "<group>";
		};
		184D846A219378DC00DC025A /* Foundation */ = {
			isa = PBXGroup;
			children = (
				184D846B219378DC00DC025A /* StringExtesnion.swift */,
				184D846C219378DC00DC025A /* UIApplication.swift */,
				184D846D219378DC00DC025A /* FoundationExtension.swift */,
				184D846E219378DC00DC025A /* DateExtension.swift */,
			);
			path = Foundation;
			sourceTree = "<group>";
		};
		184D84772193795D00DC025A /* Support Files */ = {
			isa = PBXGroup;
			children = (
				184D847B2193798700DC025A /* MBHud */,
				184D84782193797500DC025A /* Apixu-Sample-Bridging-Header.h */,
			);
			path = "Support Files";
			sourceTree = "<group>";
		};
		184D847B2193798700DC025A /* MBHud */ = {
			isa = PBXGroup;
			children = (
				184D847C2193798700DC025A /* MBProgressHUD.m */,
				184D847D2193798700DC025A /* MBProgressHUD.h */,
			);
			path = MBHud;
			sourceTree = "<group>";
		};
		184D84A121937AAF00DC025A /* DayPager */ = {
			isa = PBXGroup;
			children = (
				184D84A821937AEA00DC025A /* Pager.storyboard */,
				184D84A221937AC100DC025A /* DataViewController.swift */,
				184D84A321937AC100DC025A /* ModelController.swift */,
				184D84A421937AC100DC025A /* RootViewController.swift */,
			);
			path = DayPager;
			sourceTree = "<group>";
		};
		18D2BFBD219353B400926AB0 = {
			isa = PBXGroup;
			children = (
				18D2BFC8219353B400926AB0 /* Apixu-Sample */,
				18D2BFC7219353B400926AB0 /* Products */,
				F09E0455646622A031A3BB2D /* Pods */,
				10F806905832A65D49F6C1D8 /* Frameworks */,
			);
			sourceTree = "<group>";
		};
		18D2BFC7219353B400926AB0 /* Products */ = {
			isa = PBXGroup;
			children = (
				18D2BFC6219353B400926AB0 /* Apixu-Sample.app */,
			);
			name = Products;
			sourceTree = "<group>";
		};
		18D2BFC8219353B400926AB0 /* Apixu-Sample */ = {
			isa = PBXGroup;
			children = (
				184D84772193795D00DC025A /* Support Files */,
				18D2C00E2193595600926AB0 /* Feachers */,
				18D2C0092193578600926AB0 /* Services */,
				18D2C006219356A500926AB0 /* Constant */,
				18D2BFDC2193565600926AB0 /* Models */,
				18D2BFDB2193564E00926AB0 /* Networking */,
				18D2C00A219357A900926AB0 /* AppDelegate */,
				184D8462219378C200DC025A /* Extension */,
				18D2C00D2193593000926AB0 /* UI */,
				18D2BFD0219353B500926AB0 /* Assets.xcassets */,
				18D2BFD5219353B500926AB0 /* Info.plist */,
			);
			path = "Apixu-Sample";
			sourceTree = "<group>";
		};
		18D2BFDB2193564E00926AB0 /* Networking */ = {
			isa = PBXGroup;
			children = (
				18D2BFDD2193568A00926AB0 /* BaseModel */,
				18D2BFE62193568A00926AB0 /* Network */,
				18D2BFE22193568A00926AB0 /* NetworkService+Routes */,
				18D2BFE42193568A00926AB0 /* Provider+Routes */,
			);
			path = Networking;
			sourceTree = "<group>";
		};
		18D2BFDC2193565600926AB0 /* Models */ = {
			isa = PBXGroup;
			children = (
				18D2C01621935A2200926AB0 /* ApixuBase.swift */,
				18D2C01221935A2200926AB0 /* Astro.swift */,
				18D2C01521935A2200926AB0 /* Condition.swift */,
				18D2C01421935A2200926AB0 /* Current.swift */,
				18D2C01021935A2200926AB0 /* Day.swift */,
				18D2C01321935A2200926AB0 /* Forecast.swift */,
				18D2C01121935A2200926AB0 /* Forecastday.swift */,
				18D2C00F21935A2200926AB0 /* Location.swift */,
			);
			path = Models;
			sourceTree = "<group>";
		};
		18D2BFDD2193568A00926AB0 /* BaseModel */ = {
			isa = PBXGroup;
			children = (
				18D2BFDE2193568A00926AB0 /* ServerError.swift */,
				18D2BFDF2193568A00926AB0 /* BaseModel.swift */,
				18D2BFE02193568A00926AB0 /* GenaricModel.swift */,
				18D2BFE12193568A00926AB0 /* NSURLErrorDomain.md */,
			);
			path = BaseModel;
			sourceTree = "<group>";
		};
		18D2BFE22193568A00926AB0 /* NetworkService+Routes */ = {
			isa = PBXGroup;
			children = (
				18D2BFE32193568A00926AB0 /* NetworkServiec+RouteAuth.swift */,
			);
			path = "NetworkService+Routes";
			sourceTree = "<group>";
		};
		18D2BFE42193568A00926AB0 /* Provider+Routes */ = {
			isa = PBXGroup;
			children = (
				18D2BFE52193568A00926AB0 /* APIs.swift */,
			);
			path = "Provider+Routes";
			sourceTree = "<group>";
		};
		18D2BFE62193568A00926AB0 /* Network */ = {
			isa = PBXGroup;
			children = (
				18D2BFE72193568A00926AB0 /* DefaultAlamofireManager.swift */,
				18D2BFE82193568A00926AB0 /* URLErrors.strings */,
				18D2BFE92193568A00926AB0 /* Provider.swift */,
				18D2BFEA2193568A00926AB0 /* NetworkDefault.swift */,
				18D2BFEB2193568A00926AB0 /* AnyError.swift */,
				18D2BFEC2193568A00926AB0 /* NetworkService.swift */,
				18D2BFED2193568A00926AB0 /* NoError.swift */,
				18D2BFEE2193568A00926AB0 /* NetworkResult.swift */,
				18D2BFEF2193568A00926AB0 /* Moya+Extension */,
			);
			path = Network;
			sourceTree = "<group>";
		};
		18D2BFEF2193568A00926AB0 /* Moya+Extension */ = {
			isa = PBXGroup;
			children = (
				18D2BFF02193568A00926AB0 /* CustomHeaderKey.swift */,
				18D2BFF12193568A00926AB0 /* URLRequest.swift */,
				18D2BFF22193568A00926AB0 /* AppAccessToken.swift */,
				18D2BFF32193568A00926AB0 /* APPNetworkLoggerPlugin.swift */,
			);
			path = "Moya+Extension";
			sourceTree = "<group>";
		};
		18D2C006219356A500926AB0 /* Constant */ = {
			isa = PBXGroup;
			children = (
				18D2C007219356B800926AB0 /* Constant.swift */,
			);
			path = Constant;
			sourceTree = "<group>";
		};
		18D2C0092193578600926AB0 /* Services */ = {
			isa = PBXGroup;
			children = (
				18D2C01F21935F0B00926AB0 /* LocationService.swift */,
				184D846021936A9D00DC025A /* Container.swift */,
			);
			path = Services;
			sourceTree = "<group>";
		};
		18D2C00A219357A900926AB0 /* AppDelegate */ = {
			isa = PBXGroup;
			children = (
				18D2BFC9219353B400926AB0 /* AppDelegate.swift */,
				18D2C00B219357C500926AB0 /* AppDelegate+Extension.swift */,
			);
			path = AppDelegate;
			sourceTree = "<group>";
		};
		18D2C00D2193593000926AB0 /* UI */ = {
			isa = PBXGroup;
			children = (
				184D84AC2193887B00DC025A /* Launch Screen.storyboard */,
				18D2BFCD219353B400926AB0 /* Main.storyboard */,
			);
			path = UI;
			sourceTree = "<group>";
		};
		18D2C00E2193595600926AB0 /* Feachers */ = {
			isa = PBXGroup;
			children = (
				184D84A121937AAF00DC025A /* DayPager */,
				184D84532193674600DC025A /* Home */,
			);
			path = Feachers;
			sourceTree = "<group>";
		};
		F09E0455646622A031A3BB2D /* Pods */ = {
			isa = PBXGroup;
			children = (
				26B7EC2C86739C4F77944F89 /* Pods-Apixu-Sample.debug.xcconfig */,
				A38A5959EB7EE07869134973 /* Pods-Apixu-Sample.release.xcconfig */,
			);
			name = Pods;
			sourceTree = "<group>";
		};
/* End PBXGroup section */

/* Begin PBXNativeTarget section */
		18D2BFC5219353B400926AB0 /* Apixu-Sample */ = {
			isa = PBXNativeTarget;
			buildConfigurationList = 18D2BFD8219353B500926AB0 /* Build configuration list for PBXNativeTarget "Apixu-Sample" */;
			buildPhases = (
				F7D7AB907CBCFE5EA3244328 /* [CP] Check Pods Manifest.lock */,
				18D2BFC2219353B400926AB0 /* Sources */,
				18D2BFC3219353B400926AB0 /* Frameworks */,
				18D2BFC4219353B400926AB0 /* Resources */,
				DC740F18B57FAC35F2FE1A0D /* [CP] Embed Pods Frameworks */,
				18D2C021219364B400926AB0 /* Swiftlint Script */,
			);
			buildRules = (
			);
			dependencies = (
			);
			name = "Apixu-Sample";
			productName = "Apixu-Sample";
			productReference = 18D2BFC6219353B400926AB0 /* Apixu-Sample.app */;
			productType = "com.apple.product-type.application";
		};
/* End PBXNativeTarget section */

/* Begin PBXProject section */
		18D2BFBE219353B400926AB0 /* Project object */ = {
			isa = PBXProject;
			attributes = {
				LastSwiftUpdateCheck = 1000;
				LastUpgradeCheck = 1000;
				ORGANIZATIONNAME = Zadfresh;
				TargetAttributes = {
					18D2BFC5219353B400926AB0 = {
						CreatedOnToolsVersion = 10.0;
						LastSwiftMigration = 1000;
					};
				};
			};
			buildConfigurationList = 18D2BFC1219353B400926AB0 /* Build configuration list for PBXProject "Apixu-Sample" */;
			compatibilityVersion = "Xcode 9.3";
			developmentRegion = en;
			hasScannedForEncodings = 0;
			knownRegions = (
				en,
				Base,
			);
			mainGroup = 18D2BFBD219353B400926AB0;
			productRefGroup = 18D2BFC7219353B400926AB0 /* Products */;
			projectDirPath = "";
			projectRoot = "";
			targets = (
				18D2BFC5219353B400926AB0 /* Apixu-Sample */,
			);
		};
/* End PBXProject section */

/* Begin PBXResourcesBuildPhase section */
		18D2BFC4219353B400926AB0 /* Resources */ = {
			isa = PBXResourcesBuildPhase;
			buildActionMask = 2147483647;
			files = (
				18D2BFF72193568A00926AB0 /* NSURLErrorDomain.md in Resources */,
				18D2BFD1219353B500926AB0 /* Assets.xcassets in Resources */,
				184D845F2193675500DC025A /* HomeViewController.xib in Resources */,
				184D84A921937AEA00DC025A /* Pager.storyboard in Resources */,
				18D2BFFB2193568A00926AB0 /* URLErrors.strings in Resources */,
				18D2BFCF219353B400926AB0 /* Main.storyboard in Resources */,
				184D84AE2193887B00DC025A /* Launch Screen.storyboard in Resources */,
			);
			runOnlyForDeploymentPostprocessing = 0;
		};
/* End PBXResourcesBuildPhase section */

/* Begin PBXShellScriptBuildPhase section */
		18D2C021219364B400926AB0 /* Swiftlint Script */ = {
			isa = PBXShellScriptBuildPhase;
			buildActionMask = 2147483647;
			files = (
			);
			inputFileListPaths = (
			);
			inputPaths = (
			);
			name = "Swiftlint Script";
			outputFileListPaths = (
			);
			outputPaths = (
			);
			runOnlyForDeploymentPostprocessing = 0;
			shellPath = /bin/sh;
			shellScript = "if which swiftlint >/dev/null; then\nswiftlint\nelse\necho \"error: SwiftLint not installed, download from https://github.com/realm/SwiftLint  using Homebrew\"\nfi\n";
		};
		DC740F18B57FAC35F2FE1A0D /* [CP] Embed Pods Frameworks */ = {
			isa = PBXShellScriptBuildPhase;
			buildActionMask = 2147483647;
			files = (
			);
			inputFileListPaths = (
			);
			inputPaths = (
				"${SRCROOT}/Pods/Target Support Files/Pods-Apixu-Sample/Pods-Apixu-Sample-frameworks.sh",
				"${BUILT_PRODUCTS_DIR}/Alamofire/Alamofire.framework",
				"${BUILT_PRODUCTS_DIR}/AlamofireImage/AlamofireImage.framework",
				"${BUILT_PRODUCTS_DIR}/Moya/Moya.framework",
				"${BUILT_PRODUCTS_DIR}/Moya-ObjectMapper/Moya_ObjectMapper.framework",
				"${BUILT_PRODUCTS_DIR}/ObjectMapper/ObjectMapper.framework",
				"${BUILT_PRODUCTS_DIR}/Result/Result.framework",
				"${BUILT_PRODUCTS_DIR}/SwiftMessages/SwiftMessages.framework",
				"${BUILT_PRODUCTS_DIR}/SwiftyJSON/SwiftyJSON.framework",
			);
			name = "[CP] Embed Pods Frameworks";
			outputFileListPaths = (
			);
			outputPaths = (
				"${TARGET_BUILD_DIR}/${FRAMEWORKS_FOLDER_PATH}/Alamofire.framework",
				"${TARGET_BUILD_DIR}/${FRAMEWORKS_FOLDER_PATH}/AlamofireImage.framework",
				"${TARGET_BUILD_DIR}/${FRAMEWORKS_FOLDER_PATH}/Moya.framework",
				"${TARGET_BUILD_DIR}/${FRAMEWORKS_FOLDER_PATH}/Moya_ObjectMapper.framework",
				"${TARGET_BUILD_DIR}/${FRAMEWORKS_FOLDER_PATH}/ObjectMapper.framework",
				"${TARGET_BUILD_DIR}/${FRAMEWORKS_FOLDER_PATH}/Result.framework",
				"${TARGET_BUILD_DIR}/${FRAMEWORKS_FOLDER_PATH}/SwiftMessages.framework",
				"${TARGET_BUILD_DIR}/${FRAMEWORKS_FOLDER_PATH}/SwiftyJSON.framework",
			);
			runOnlyForDeploymentPostprocessing = 0;
			shellPath = /bin/sh;
			shellScript = "\"${SRCROOT}/Pods/Target Support Files/Pods-Apixu-Sample/Pods-Apixu-Sample-frameworks.sh\"\n";
			showEnvVarsInLog = 0;
		};
		F7D7AB907CBCFE5EA3244328 /* [CP] Check Pods Manifest.lock */ = {
			isa = PBXShellScriptBuildPhase;
			buildActionMask = 2147483647;
			files = (
			);
			inputFileListPaths = (
			);
			inputPaths = (
				"${PODS_PODFILE_DIR_PATH}/Podfile.lock",
				"${PODS_ROOT}/Manifest.lock",
			);
			name = "[CP] Check Pods Manifest.lock";
			outputFileListPaths = (
			);
			outputPaths = (
				"$(DERIVED_FILE_DIR)/Pods-Apixu-Sample-checkManifestLockResult.txt",
			);
			runOnlyForDeploymentPostprocessing = 0;
			shellPath = /bin/sh;
			shellScript = "diff \"${PODS_PODFILE_DIR_PATH}/Podfile.lock\" \"${PODS_ROOT}/Manifest.lock\" > /dev/null\nif [ $? != 0 ] ; then\n    # print error to STDERR\n    echo \"error: The sandbox is not in sync with the Podfile.lock. Run 'pod install' or update your CocoaPods installation.\" >&2\n    exit 1\nfi\n# This output is used by Xcode 'outputs' to avoid re-running this script phase.\necho \"SUCCESS\" > \"${SCRIPT_OUTPUT_FILE_0}\"\n";
			showEnvVarsInLog = 0;
		};
/* End PBXShellScriptBuildPhase section */

/* Begin PBXSourcesBuildPhase section */
		18D2BFC2219353B400926AB0 /* Sources */ = {
			isa = PBXSourcesBuildPhase;
			buildActionMask = 2147483647;
			files = (
				18D2BFFE2193568A00926AB0 /* AnyError.swift in Sources */,
				18D2C0022193568A00926AB0 /* CustomHeaderKey.swift in Sources */,
				184D845C2193675500DC025A /* HomeViewController.swift in Sources */,
				18D2C01721935A2200926AB0 /* Location.swift in Sources */,
				184D8464219378C200DC025A /* UIColor+app.swift in Sources */,
				184D8470219378DC00DC025A /* UIViewControllerExtensions.swift in Sources */,
				18D2BFFA2193568A00926AB0 /* DefaultAlamofireManager.swift in Sources */,
				184D845A2193675500DC025A /* HomePresenter.swift in Sources */,
				18D2C0042193568A00926AB0 /* AppAccessToken.swift in Sources */,
				18D2BFF82193568A00926AB0 /* NetworkServiec+RouteAuth.swift in Sources */,
				184D8471219378DC00DC025A /* UIViewExtensions.swift in Sources */,
				18D2BFF92193568A00926AB0 /* APIs.swift in Sources */,
				18D2BFFC2193568A00926AB0 /* Provider.swift in Sources */,
				18D2C008219356B800926AB0 /* Constant.swift in Sources */,
				18D2C0032193568A00926AB0 /* URLRequest.swift in Sources */,
				184D845E2193675500DC025A /* HomeInteractor.swift in Sources */,
				18D2C00C219357C500926AB0 /* AppDelegate+Extension.swift in Sources */,
				184D846F219378DC00DC025A /* IBInspectables.swift in Sources */,
				18D2BFCA219353B400926AB0 /* AppDelegate.swift in Sources */,
				184D84A621937AC100DC025A /* ModelController.swift in Sources */,
				18D2BFF52193568A00926AB0 /* BaseModel.swift in Sources */,
				18D2C0002193568A00926AB0 /* NoError.swift in Sources */,
				184D847E2193798700DC025A /* MBProgressHUD.m in Sources */,
				18D2C02021935F0B00926AB0 /* LocationService.swift in Sources */,
				18D2C01A21935A2200926AB0 /* Astro.swift in Sources */,
				18D2C01821935A2200926AB0 /* Day.swift in Sources */,
				18D2C01C21935A2200926AB0 /* Current.swift in Sources */,
				184D845B2193675500DC025A /* HomeRouter.swift in Sources */,
				184D8474219378DC00DC025A /* UIApplication.swift in Sources */,
				18D2C01B21935A2200926AB0 /* Forecast.swift in Sources */,
				18D2C01921935A2200926AB0 /* Forecastday.swift in Sources */,
				184D8473219378DC00DC025A /* StringExtesnion.swift in Sources */,
				18D2BFF42193568A00926AB0 /* ServerError.swift in Sources */,
				18D2BFFD2193568A00926AB0 /* NetworkDefault.swift in Sources */,
				18D2C01D21935A2200926AB0 /* Condition.swift in Sources */,
				18D2C01E21935A2200926AB0 /* ApixuBase.swift in Sources */,
				184D8475219378DC00DC025A /* FoundationExtension.swift in Sources */,
				18D2BFFF2193568A00926AB0 /* NetworkService.swift in Sources */,
				184D84A721937AC100DC025A /* RootViewController.swift in Sources */,
				184D84A521937AC100DC025A /* DataViewController.swift in Sources */,
				184D845D2193675500DC025A /* HomeProtocols.swift in Sources */,
				18D2C0052193568A00926AB0 /* APPNetworkLoggerPlugin.swift in Sources */,
				184D8476219378DC00DC025A /* DateExtension.swift in Sources */,
				184D8472219378DC00DC025A /* UIImageExtension.swift in Sources */,
				18D2BFF62193568A00926AB0 /* GenaricModel.swift in Sources */,
				18D2C0012193568A00926AB0 /* NetworkResult.swift in Sources */,
				184D846121936A9D00DC025A /* Container.swift in Sources */,
			);
			runOnlyForDeploymentPostprocessing = 0;
		};
/* End PBXSourcesBuildPhase section */

/* Begin PBXVariantGroup section */
		184D84AC2193887B00DC025A /* Launch Screen.storyboard */ = {
			isa = PBXVariantGroup;
			children = (
				184D84AD2193887B00DC025A /* Base */,
			);
			name = "Launch Screen.storyboard";
			sourceTree = "<group>";
		};
		18D2BFCD219353B400926AB0 /* Main.storyboard */ = {
			isa = PBXVariantGroup;
			children = (
				18D2BFCE219353B400926AB0 /* Base */,
			);
			name = Main.storyboard;
			sourceTree = "<group>";
		};
/* End PBXVariantGroup section */

/* Begin XCBuildConfiguration section */
		18D2BFD6219353B500926AB0 /* Debug */ = {
			isa = XCBuildConfiguration;
			buildSettings = {
				ALWAYS_SEARCH_USER_PATHS = NO;
				CLANG_ANALYZER_NONNULL = YES;
				CLANG_ANALYZER_NUMBER_OBJECT_CONVERSION = YES_AGGRESSIVE;
				CLANG_CXX_LANGUAGE_STANDARD = "gnu++14";
				CLANG_CXX_LIBRARY = "libc++";
				CLANG_ENABLE_MODULES = YES;
				CLANG_ENABLE_OBJC_ARC = YES;
				CLANG_ENABLE_OBJC_WEAK = YES;
				CLANG_WARN_BLOCK_CAPTURE_AUTORELEASING = YES;
				CLANG_WARN_BOOL_CONVERSION = YES;
				CLANG_WARN_COMMA = YES;
				CLANG_WARN_CONSTANT_CONVERSION = YES;
				CLANG_WARN_DEPRECATED_OBJC_IMPLEMENTATIONS = YES;
				CLANG_WARN_DIRECT_OBJC_ISA_USAGE = YES_ERROR;
				CLANG_WARN_DOCUMENTATION_COMMENTS = YES;
				CLANG_WARN_EMPTY_BODY = YES;
				CLANG_WARN_ENUM_CONVERSION = YES;
				CLANG_WARN_INFINITE_RECURSION = YES;
				CLANG_WARN_INT_CONVERSION = YES;
				CLANG_WARN_NON_LITERAL_NULL_CONVERSION = YES;
				CLANG_WARN_OBJC_IMPLICIT_RETAIN_SELF = YES;
				CLANG_WARN_OBJC_LITERAL_CONVERSION = YES;
				CLANG_WARN_OBJC_ROOT_CLASS = YES_ERROR;
				CLANG_WARN_RANGE_LOOP_ANALYSIS = YES;
				CLANG_WARN_STRICT_PROTOTYPES = YES;
				CLANG_WARN_SUSPICIOUS_MOVE = YES;
				CLANG_WARN_UNGUARDED_AVAILABILITY = YES_AGGRESSIVE;
				CLANG_WARN_UNREACHABLE_CODE = YES;
				CLANG_WARN__DUPLICATE_METHOD_MATCH = YES;
				CODE_SIGN_IDENTITY = "iPhone Developer";
				COPY_PHASE_STRIP = NO;
				DEBUG_INFORMATION_FORMAT = dwarf;
				ENABLE_STRICT_OBJC_MSGSEND = YES;
				ENABLE_TESTABILITY = YES;
				GCC_C_LANGUAGE_STANDARD = gnu11;
				GCC_DYNAMIC_NO_PIC = NO;
				GCC_NO_COMMON_BLOCKS = YES;
				GCC_OPTIMIZATION_LEVEL = 0;
				GCC_PREPROCESSOR_DEFINITIONS = (
					"DEBUG=1",
					"$(inherited)",
				);
				GCC_WARN_64_TO_32_BIT_CONVERSION = YES;
				GCC_WARN_ABOUT_RETURN_TYPE = YES_ERROR;
				GCC_WARN_UNDECLARED_SELECTOR = YES;
				GCC_WARN_UNINITIALIZED_AUTOS = YES_AGGRESSIVE;
				GCC_WARN_UNUSED_FUNCTION = YES;
				GCC_WARN_UNUSED_VARIABLE = YES;
				IPHONEOS_DEPLOYMENT_TARGET = 12.0;
				MTL_ENABLE_DEBUG_INFO = INCLUDE_SOURCE;
				MTL_FAST_MATH = YES;
				ONLY_ACTIVE_ARCH = YES;
				SDKROOT = iphoneos;
				SWIFT_ACTIVE_COMPILATION_CONDITIONS = DEBUG;
				SWIFT_OPTIMIZATION_LEVEL = "-Onone";
			};
			name = Debug;
		};
		18D2BFD7219353B500926AB0 /* Release */ = {
			isa = XCBuildConfiguration;
			buildSettings = {
				ALWAYS_SEARCH_USER_PATHS = NO;
				CLANG_ANALYZER_NONNULL = YES;
				CLANG_ANALYZER_NUMBER_OBJECT_CONVERSION = YES_AGGRESSIVE;
				CLANG_CXX_LANGUAGE_STANDARD = "gnu++14";
				CLANG_CXX_LIBRARY = "libc++";
				CLANG_ENABLE_MODULES = YES;
				CLANG_ENABLE_OBJC_ARC = YES;
				CLANG_ENABLE_OBJC_WEAK = YES;
				CLANG_WARN_BLOCK_CAPTURE_AUTORELEASING = YES;
				CLANG_WARN_BOOL_CONVERSION = YES;
				CLANG_WARN_COMMA = YES;
				CLANG_WARN_CONSTANT_CONVERSION = YES;
				CLANG_WARN_DEPRECATED_OBJC_IMPLEMENTATIONS = YES;
				CLANG_WARN_DIRECT_OBJC_ISA_USAGE = YES_ERROR;
				CLANG_WARN_DOCUMENTATION_COMMENTS = YES;
				CLANG_WARN_EMPTY_BODY = YES;
				CLANG_WARN_ENUM_CONVERSION = YES;
				CLANG_WARN_INFINITE_RECURSION = YES;
				CLANG_WARN_INT_CONVERSION = YES;
				CLANG_WARN_NON_LITERAL_NULL_CONVERSION = YES;
				CLANG_WARN_OBJC_IMPLICIT_RETAIN_SELF = YES;
				CLANG_WARN_OBJC_LITERAL_CONVERSION = YES;
				CLANG_WARN_OBJC_ROOT_CLASS = YES_ERROR;
				CLANG_WARN_RANGE_LOOP_ANALYSIS = YES;
				CLANG_WARN_STRICT_PROTOTYPES = YES;
				CLANG_WARN_SUSPICIOUS_MOVE = YES;
				CLANG_WARN_UNGUARDED_AVAILABILITY = YES_AGGRESSIVE;
				CLANG_WARN_UNREACHABLE_CODE = YES;
				CLANG_WARN__DUPLICATE_METHOD_MATCH = YES;
				CODE_SIGN_IDENTITY = "iPhone Developer";
				COPY_PHASE_STRIP = NO;
				DEBUG_INFORMATION_FORMAT = "dwarf-with-dsym";
				ENABLE_NS_ASSERTIONS = NO;
				ENABLE_STRICT_OBJC_MSGSEND = YES;
				GCC_C_LANGUAGE_STANDARD = gnu11;
				GCC_NO_COMMON_BLOCKS = YES;
				GCC_WARN_64_TO_32_BIT_CONVERSION = YES;
				GCC_WARN_ABOUT_RETURN_TYPE = YES_ERROR;
				GCC_WARN_UNDECLARED_SELECTOR = YES;
				GCC_WARN_UNINITIALIZED_AUTOS = YES_AGGRESSIVE;
				GCC_WARN_UNUSED_FUNCTION = YES;
				GCC_WARN_UNUSED_VARIABLE = YES;
				IPHONEOS_DEPLOYMENT_TARGET = 12.0;
				MTL_ENABLE_DEBUG_INFO = NO;
				MTL_FAST_MATH = YES;
				SDKROOT = iphoneos;
				SWIFT_COMPILATION_MODE = wholemodule;
				SWIFT_OPTIMIZATION_LEVEL = "-O";
				VALIDATE_PRODUCT = YES;
			};
			name = Release;
		};
		18D2BFD9219353B500926AB0 /* Debug */ = {
			isa = XCBuildConfiguration;
			baseConfigurationReference = 26B7EC2C86739C4F77944F89 /* Pods-Apixu-Sample.debug.xcconfig */;
			buildSettings = {
				ASSETCATALOG_COMPILER_APPICON_NAME = AppIcon;
				CLANG_ENABLE_MODULES = YES;
				CODE_SIGN_STYLE = Automatic;
				DEVELOPMENT_TEAM = 3HW52YW266;
				INFOPLIST_FILE = "Apixu-Sample/Info.plist";
				LD_RUNPATH_SEARCH_PATHS = (
					"$(inherited)",
					"@executable_path/Frameworks",
				);
				PRODUCT_BUNDLE_IDENTIFIER = "com.zadfresh.Apixu-Sample.bassem";
				PRODUCT_NAME = "$(TARGET_NAME)";
				SWIFT_OBJC_BRIDGING_HEADER = "Apixu-Sample/Support Files/Apixu-Sample-Bridging-Header.h";
				SWIFT_OPTIMIZATION_LEVEL = "-Onone";
				SWIFT_VERSION = 4.2;
				TARGETED_DEVICE_FAMILY = "1,2";
			};
			name = Debug;
		};
		18D2BFDA219353B500926AB0 /* Release */ = {
			isa = XCBuildConfiguration;
			baseConfigurationReference = A38A5959EB7EE07869134973 /* Pods-Apixu-Sample.release.xcconfig */;
			buildSettings = {
				ASSETCATALOG_COMPILER_APPICON_NAME = AppIcon;
				CLANG_ENABLE_MODULES = YES;
				CODE_SIGN_STYLE = Automatic;
				DEVELOPMENT_TEAM = 3HW52YW266;
				INFOPLIST_FILE = "Apixu-Sample/Info.plist";
				LD_RUNPATH_SEARCH_PATHS = (
					"$(inherited)",
					"@executable_path/Frameworks",
				);
				PRODUCT_BUNDLE_IDENTIFIER = "com.zadfresh.Apixu-Sample.bassem";
				PRODUCT_NAME = "$(TARGET_NAME)";
				SWIFT_OBJC_BRIDGING_HEADER = "Apixu-Sample/Support Files/Apixu-Sample-Bridging-Header.h";
				SWIFT_VERSION = 4.2;
				TARGETED_DEVICE_FAMILY = "1,2";
			};
			name = Release;
		};
/* End XCBuildConfiguration section */

/* Begin XCConfigurationList section */
		18D2BFC1219353B400926AB0 /* Build configuration list for PBXProject "Apixu-Sample" */ = {
			isa = XCConfigurationList;
			buildConfigurations = (
				18D2BFD6219353B500926AB0 /* Debug */,
				18D2BFD7219353B500926AB0 /* Release */,
			);
			defaultConfigurationIsVisible = 0;
			defaultConfigurationName = Release;
		};
		18D2BFD8219353B500926AB0 /* Build configuration list for PBXNativeTarget "Apixu-Sample" */ = {
			isa = XCConfigurationList;
			buildConfigurations = (
				18D2BFD9219353B500926AB0 /* Debug */,
				18D2BFDA219353B500926AB0 /* Release */,
			);
			defaultConfigurationIsVisible = 0;
			defaultConfigurationName = Release;
		};
/* End XCConfigurationList section */
	};
	rootObject = 18D2BFBE219353B400926AB0 /* Project object */;
}
